{
    "_readme": [
        "This file locks the dependencies of your project to a known state",
        "Read more about it at https://getcomposer.org/doc/01-basic-usage.md#composer-lock-the-lock-file",
        "This file is @generated automatically"
    ],
    "content-hash": "36cc7e78caaf8d79fb6cff85a6b91029",
    "packages": [
        {
            "name": "hj/demo",
            "version": "dev-master",
            "source": {
                "type": "git",
                "url": "https://github.com/houjian1/demo.git",
                "reference": "81b6f6b0a6c8fae173520d2df3540c382a23f412"
            },
            "dist": {
                "type": "zip",
                "url": "https://api.github.com/repos/houjian1/demo/zipball/81b6f6b0a6c8fae173520d2df3540c382a23f412",
                "reference": "81b6f6b0a6c8fae173520d2df3540c382a23f412",
                "shasum": ""
            },
            "type": "project",
            "notification-url": "https://packagist.org/downloads/",
            "license": [
                "MIT"
            ],
            "authors": [
                {
                    "name": "houj",
                    "email": "1121585864@qq.com"
                }
            ],
            "description": "composer",
            "time": "2017-06-28 01:11:52"
        }
    ],
    "packages-dev": [],
    "aliases": [],
    "minimum-stability": "stable",
    "stability-flags": {
        "hj/demo": 20
    },
    "prefer-stable": false,
    "prefer-lowest": false,
    "platform": [],
    "platform-dev": []
}
